// !$*UTF8*$!
{
	archiveVersion = 1;
	classes = {
	};
	objectVersion = 50;
	objects = {

/* Begin PBXBuildFile section */
		7253490D2090745200F244A3 /* MainTabBarController.swift in Sources */ = {isa = PBXBuildFile; fileRef = 7253490C2090745200F244A3 /* MainTabBarController.swift */; };
		72534910209075DC00F244A3 /* LoginController.swift in Sources */ = {isa = PBXBuildFile; fileRef = 7253490F209075DC00F244A3 /* LoginController.swift */; };
		72534912209075EC00F244A3 /* SignUpController.swift in Sources */ = {isa = PBXBuildFile; fileRef = 72534911209075EC00F244A3 /* SignUpController.swift */; };
		72534914209075F400F244A3 /* UI extensions.swift in Sources */ = {isa = PBXBuildFile; fileRef = 72534913209075F400F244A3 /* UI extensions.swift */; };
		725349162090760800F244A3 /* HomeController.swift in Sources */ = {isa = PBXBuildFile; fileRef = 725349152090760800F244A3 /* HomeController.swift */; };
		725349182090760C00F244A3 /* HomePostCell.swift in Sources */ = {isa = PBXBuildFile; fileRef = 725349172090760C00F244A3 /* HomePostCell.swift */; };
		7253491A2090761600F244A3 /* CustomAnimationDismisser.swift in Sources */ = {isa = PBXBuildFile; fileRef = 725349192090761500F244A3 /* CustomAnimationDismisser.swift */; };
		7253491C2090761A00F244A3 /* CustomAnimationPresentor.swift in Sources */ = {isa = PBXBuildFile; fileRef = 7253491B2090761A00F244A3 /* CustomAnimationPresentor.swift */; };
		725349202090763500F244A3 /* MenuHeader.swift in Sources */ = {isa = PBXBuildFile; fileRef = 7253491D2090763500F244A3 /* MenuHeader.swift */; };
		725349212090763500F244A3 /* MenuLauncher.swift in Sources */ = {isa = PBXBuildFile; fileRef = 7253491E2090763500F244A3 /* MenuLauncher.swift */; };
		725349222090763500F244A3 /* MenuCell.swift in Sources */ = {isa = PBXBuildFile; fileRef = 7253491F2090763500F244A3 /* MenuCell.swift */; };
		725349272090763E00F244A3 /* UserProfileMenuBar.swift in Sources */ = {isa = PBXBuildFile; fileRef = 725349232090763E00F244A3 /* UserProfileMenuBar.swift */; };
		725349282090763E00F244A3 /* UserProfileController.swift in Sources */ = {isa = PBXBuildFile; fileRef = 725349242090763E00F244A3 /* UserProfileController.swift */; };
		725349292090763E00F244A3 /* UserProfileMenuCell.swift in Sources */ = {isa = PBXBuildFile; fileRef = 725349252090763E00F244A3 /* UserProfileMenuCell.swift */; };
		7253492A2090763E00F244A3 /* UserProfileHeader.swift in Sources */ = {isa = PBXBuildFile; fileRef = 725349262090763E00F244A3 /* UserProfileHeader.swift */; };
		7253493220907EDE00F244A3 /* User.swift in Sources */ = {isa = PBXBuildFile; fileRef = 7253493120907EDE00F244A3 /* User.swift */; };
		7253493420907FB400F244A3 /* Post.swift in Sources */ = {isa = PBXBuildFile; fileRef = 7253493320907FB400F244A3 /* Post.swift */; };
		72534936209080D500F244A3 /* SetupProfileController.swift in Sources */ = {isa = PBXBuildFile; fileRef = 72534935209080D500F244A3 /* SetupProfileController.swift */; };
		726FF2A120971437006C620A /* Date.swift in Sources */ = {isa = PBXBuildFile; fileRef = 726FF2A020971437006C620A /* Date.swift */; };
		726FF2A32098B476006C620A /* LaunchScreenViewController.swift in Sources */ = {isa = PBXBuildFile; fileRef = 726FF2A22098B476006C620A /* LaunchScreenViewController.swift */; };
		727A97BE2092E02500B96483 /* SearchController.swift in Sources */ = {isa = PBXBuildFile; fileRef = 727A97BD2092E02500B96483 /* SearchController.swift */; };
		727A97C12092E08600B96483 /* NotificationController.swift in Sources */ = {isa = PBXBuildFile; fileRef = 727A97C02092E08600B96483 /* NotificationController.swift */; };
		727A97C32092E09C00B96483 /* MessageController.swift in Sources */ = {isa = PBXBuildFile; fileRef = 727A97C22092E09C00B96483 /* MessageController.swift */; };
		727A97C62092F6D400B96483 /* SearchCell.swift in Sources */ = {isa = PBXBuildFile; fileRef = 727A97C52092F6D400B96483 /* SearchCell.swift */; };
		728FACE62091B61D00FA23A6 /* CustomButtonClasses.swift in Sources */ = {isa = PBXBuildFile; fileRef = 728FACE52091B61D00FA23A6 /* CustomButtonClasses.swift */; };
		728FACE82091C2DF00FA23A6 /* FirebaseExtension.swift in Sources */ = {isa = PBXBuildFile; fileRef = 728FACE72091C2DF00FA23A6 /* FirebaseExtension.swift */; };
		728FACED2091D51B00FA23A6 /* PostController.swift in Sources */ = {isa = PBXBuildFile; fileRef = 728FACEC2091D51B00FA23A6 /* PostController.swift */; };
		728FACEF2091D65E00FA23A6 /* PostTextView.swift in Sources */ = {isa = PBXBuildFile; fileRef = 728FACEE2091D65E00FA23A6 /* PostTextView.swift */; };
		728FACF12091D6FF00FA23A6 /* PostCreationView.swift in Sources */ = {isa = PBXBuildFile; fileRef = 728FACF02091D6FF00FA23A6 /* PostCreationView.swift */; };
		72A1C4272099CB2E005E1B1B /* MessageCell.swift in Sources */ = {isa = PBXBuildFile; fileRef = 72A1C4262099CB2E005E1B1B /* MessageCell.swift */; };
		72C50E1520906FE6005B0F19 /* AppDelegate.swift in Sources */ = {isa = PBXBuildFile; fileRef = 72C50E1420906FE6005B0F19 /* AppDelegate.swift */; };
		72C50E1A20906FE6005B0F19 /* Main.storyboard in Resources */ = {isa = PBXBuildFile; fileRef = 72C50E1820906FE6005B0F19 /* Main.storyboard */; };
		72C50E1C20906FE8005B0F19 /* Assets.xcassets in Resources */ = {isa = PBXBuildFile; fileRef = 72C50E1B20906FE8005B0F19 /* Assets.xcassets */; };
		72C50E1F20906FE8005B0F19 /* LaunchScreen.storyboard in Resources */ = {isa = PBXBuildFile; fileRef = 72C50E1D20906FE8005B0F19 /* LaunchScreen.storyboard */; };
		72C50E2720907073005B0F19 /* GoogleService-Info.plist in Resources */ = {isa = PBXBuildFile; fileRef = 72C50E2620907073005B0F19 /* GoogleService-Info.plist */; };
		72E9D361209AD1D30068DDC9 /* NewMessageController.swift in Sources */ = {isa = PBXBuildFile; fileRef = 72E9D360209AD1D30068DDC9 /* NewMessageController.swift */; };
		72E9D365209ADADD0068DDC9 /* ChatLogController.swift in Sources */ = {isa = PBXBuildFile; fileRef = 72E9D364209ADADD0068DDC9 /* ChatLogController.swift */; };
		9856E23F2C7074B7107A91B7 /* Pods_TwitterFirebase.framework in Frameworks */ = {isa = PBXBuildFile; fileRef = 1CE174E49BF9941CC0AE828E /* Pods_TwitterFirebase.framework */; };
/* End PBXBuildFile section */

/* Begin PBXFileReference section */
		1CE174E49BF9941CC0AE828E /* Pods_TwitterFirebase.framework */ = {isa = PBXFileReference; explicitFileType = wrapper.framework; includeInIndex = 0; path = Pods_TwitterFirebase.framework; sourceTree = BUILT_PRODUCTS_DIR; };
		66C1232CB11628FA18B77FA5 /* Pods-TwitterFirebase.debug.xcconfig */ = {isa = PBXFileReference; includeInIndex = 1; lastKnownFileType = text.xcconfig; name = "Pods-TwitterFirebase.debug.xcconfig"; path = "Pods/Target Support Files/Pods-TwitterFirebase/Pods-TwitterFirebase.debug.xcconfig"; sourceTree = "<group>"; };
		7253490C2090745200F244A3 /* MainTabBarController.swift */ = {isa = PBXFileReference; lastKnownFileType = sourcecode.swift; path = MainTabBarController.swift; sourceTree = "<group>"; };
		7253490F209075DC00F244A3 /* LoginController.swift */ = {isa = PBXFileReference; fileEncoding = 4; lastKnownFileType = sourcecode.swift; path = LoginController.swift; sourceTree = "<group>"; };
		72534911209075EC00F244A3 /* SignUpController.swift */ = {isa = PBXFileReference; fileEncoding = 4; lastKnownFileType = sourcecode.swift; path = SignUpController.swift; sourceTree = "<group>"; };
		72534913209075F400F244A3 /* UI extensions.swift */ = {isa = PBXFileReference; fileEncoding = 4; lastKnownFileType = sourcecode.swift; path = "UI extensions.swift"; sourceTree = "<group>"; };
		725349152090760800F244A3 /* HomeController.swift */ = {isa = PBXFileReference; fileEncoding = 4; lastKnownFileType = sourcecode.swift; path = HomeController.swift; sourceTree = "<group>"; };
		725349172090760C00F244A3 /* HomePostCell.swift */ = {isa = PBXFileReference; fileEncoding = 4; lastKnownFileType = sourcecode.swift; path = HomePostCell.swift; sourceTree = "<group>"; };
		725349192090761500F244A3 /* CustomAnimationDismisser.swift */ = {isa = PBXFileReference; fileEncoding = 4; lastKnownFileType = sourcecode.swift; path = CustomAnimationDismisser.swift; sourceTree = "<group>"; };
		7253491B2090761A00F244A3 /* CustomAnimationPresentor.swift */ = {isa = PBXFileReference; fileEncoding = 4; lastKnownFileType = sourcecode.swift; path = CustomAnimationPresentor.swift; sourceTree = "<group>"; };
		7253491D2090763500F244A3 /* MenuHeader.swift */ = {isa = PBXFileReference; fileEncoding = 4; lastKnownFileType = sourcecode.swift; path = MenuHeader.swift; sourceTree = "<group>"; };
		7253491E2090763500F244A3 /* MenuLauncher.swift */ = {isa = PBXFileReference; fileEncoding = 4; lastKnownFileType = sourcecode.swift; path = MenuLauncher.swift; sourceTree = "<group>"; };
		7253491F2090763500F244A3 /* MenuCell.swift */ = {isa = PBXFileReference; fileEncoding = 4; lastKnownFileType = sourcecode.swift; path = MenuCell.swift; sourceTree = "<group>"; };
		725349232090763E00F244A3 /* UserProfileMenuBar.swift */ = {isa = PBXFileReference; fileEncoding = 4; lastKnownFileType = sourcecode.swift; path = UserProfileMenuBar.swift; sourceTree = "<group>"; };
		725349242090763E00F244A3 /* UserProfileController.swift */ = {isa = PBXFileReference; fileEncoding = 4; lastKnownFileType = sourcecode.swift; path = UserProfileController.swift; sourceTree = "<group>"; };
		725349252090763E00F244A3 /* UserProfileMenuCell.swift */ = {isa = PBXFileReference; fileEncoding = 4; lastKnownFileType = sourcecode.swift; path = UserProfileMenuCell.swift; sourceTree = "<group>"; };
		725349262090763E00F244A3 /* UserProfileHeader.swift */ = {isa = PBXFileReference; fileEncoding = 4; lastKnownFileType = sourcecode.swift; path = UserProfileHeader.swift; sourceTree = "<group>"; };
		7253493120907EDE00F244A3 /* User.swift */ = {isa = PBXFileReference; lastKnownFileType = sourcecode.swift; path = User.swift; sourceTree = "<group>"; };
		7253493320907FB400F244A3 /* Post.swift */ = {isa = PBXFileReference; lastKnownFileType = sourcecode.swift; path = Post.swift; sourceTree = "<group>"; };
		72534935209080D500F244A3 /* SetupProfileController.swift */ = {isa = PBXFileReference; lastKnownFileType = sourcecode.swift; path = SetupProfileController.swift; sourceTree = "<group>"; };
		726FF2A020971437006C620A /* Date.swift */ = {isa = PBXFileReference; lastKnownFileType = sourcecode.swift; path = Date.swift; sourceTree = "<group>"; };
		726FF2A22098B476006C620A /* LaunchScreenViewController.swift */ = {isa = PBXFileReference; lastKnownFileType = sourcecode.swift; path = LaunchScreenViewController.swift; sourceTree = "<group>"; };
		727A97BD2092E02500B96483 /* SearchController.swift */ = {isa = PBXFileReference; lastKnownFileType = sourcecode.swift; path = SearchController.swift; sourceTree = "<group>"; };
		727A97C02092E08600B96483 /* NotificationController.swift */ = {isa = PBXFileReference; lastKnownFileType = sourcecode.swift; path = NotificationController.swift; sourceTree = "<group>"; };
		727A97C22092E09C00B96483 /* MessageController.swift */ = {isa = PBXFileReference; lastKnownFileType = sourcecode.swift; path = MessageController.swift; sourceTree = "<group>"; };
		727A97C52092F6D400B96483 /* SearchCell.swift */ = {isa = PBXFileReference; lastKnownFileType = sourcecode.swift; path = SearchCell.swift; sourceTree = "<group>"; };
		728FACE52091B61D00FA23A6 /* CustomButtonClasses.swift */ = {isa = PBXFileReference; lastKnownFileType = sourcecode.swift; path = CustomButtonClasses.swift; sourceTree = "<group>"; };
		728FACE72091C2DF00FA23A6 /* FirebaseExtension.swift */ = {isa = PBXFileReference; lastKnownFileType = sourcecode.swift; path = FirebaseExtension.swift; sourceTree = "<group>"; };
		728FACEC2091D51B00FA23A6 /* PostController.swift */ = {isa = PBXFileReference; lastKnownFileType = sourcecode.swift; path = PostController.swift; sourceTree = "<group>"; };
		728FACEE2091D65E00FA23A6 /* PostTextView.swift */ = {isa = PBXFileReference; lastKnownFileType = sourcecode.swift; path = PostTextView.swift; sourceTree = "<group>"; };
		728FACF02091D6FF00FA23A6 /* PostCreationView.swift */ = {isa = PBXFileReference; lastKnownFileType = sourcecode.swift; path = PostCreationView.swift; sourceTree = "<group>"; };
		72A1C4262099CB2E005E1B1B /* MessageCell.swift */ = {isa = PBXFileReference; lastKnownFileType = sourcecode.swift; path = MessageCell.swift; sourceTree = "<group>"; };
		72C50E1120906FE6005B0F19 /* TwitterFirebase.app */ = {isa = PBXFileReference; explicitFileType = wrapper.application; includeInIndex = 0; path = TwitterFirebase.app; sourceTree = BUILT_PRODUCTS_DIR; };
		72C50E1420906FE6005B0F19 /* AppDelegate.swift */ = {isa = PBXFileReference; lastKnownFileType = sourcecode.swift; path = AppDelegate.swift; sourceTree = "<group>"; };
		72C50E1920906FE6005B0F19 /* Base */ = {isa = PBXFileReference; lastKnownFileType = file.storyboard; name = Base; path = Base.lproj/Main.storyboard; sourceTree = "<group>"; };
		72C50E1B20906FE8005B0F19 /* Assets.xcassets */ = {isa = PBXFileReference; lastKnownFileType = folder.assetcatalog; path = Assets.xcassets; sourceTree = "<group>"; };
		72C50E1E20906FE8005B0F19 /* Base */ = {isa = PBXFileReference; lastKnownFileType = file.storyboard; name = Base; path = Base.lproj/LaunchScreen.storyboard; sourceTree = "<group>"; };
		72C50E2020906FE8005B0F19 /* Info.plist */ = {isa = PBXFileReference; lastKnownFileType = text.plist.xml; path = Info.plist; sourceTree = "<group>"; };
		72C50E2620907073005B0F19 /* GoogleService-Info.plist */ = {isa = PBXFileReference; fileEncoding = 4; lastKnownFileType = text.plist.xml; path = "GoogleService-Info.plist"; sourceTree = "<group>"; };
		72E9D360209AD1D30068DDC9 /* NewMessageController.swift */ = {isa = PBXFileReference; lastKnownFileType = sourcecode.swift; path = NewMessageController.swift; sourceTree = "<group>"; };
		72E9D364209ADADD0068DDC9 /* ChatLogController.swift */ = {isa = PBXFileReference; lastKnownFileType = sourcecode.swift; path = ChatLogController.swift; sourceTree = "<group>"; };
		78FA690A6C67683797A73099 /* Pods-TwitterFirebase.release.xcconfig */ = {isa = PBXFileReference; includeInIndex = 1; lastKnownFileType = text.xcconfig; name = "Pods-TwitterFirebase.release.xcconfig"; path = "Pods/Target Support Files/Pods-TwitterFirebase/Pods-TwitterFirebase.release.xcconfig"; sourceTree = "<group>"; };
/* End PBXFileReference section */

/* Begin PBXFrameworksBuildPhase section */
		72C50E0E20906FE6005B0F19 /* Frameworks */ = {
			isa = PBXFrameworksBuildPhase;
			buildActionMask = 2147483647;
			files = (
				9856E23F2C7074B7107A91B7 /* Pods_TwitterFirebase.framework in Frameworks */,
			);
			runOnlyForDeploymentPostprocessing = 0;
		};
/* End PBXFrameworksBuildPhase section */

/* Begin PBXGroup section */
		2834286EF609210FB842DC10 /* Frameworks */ = {
			isa = PBXGroup;
			children = (
				1CE174E49BF9941CC0AE828E /* Pods_TwitterFirebase.framework */,
			);
			name = Frameworks;
			sourceTree = "<group>";
		};
		7253492B209079BB00F244A3 /* Menu */ = {
			isa = PBXGroup;
			children = (
				7253491E2090763500F244A3 /* MenuLauncher.swift */,
				7253491D2090763500F244A3 /* MenuHeader.swift */,
				7253491F2090763500F244A3 /* MenuCell.swift */,
			);
			path = Menu;
			sourceTree = "<group>";
		};
		7253492C209079C600F244A3 /* Login */ = {
			isa = PBXGroup;
			children = (
				7253490F209075DC00F244A3 /* LoginController.swift */,
				72534911209075EC00F244A3 /* SignUpController.swift */,
				72534935209080D500F244A3 /* SetupProfileController.swift */,
			);
			path = Login;
			sourceTree = "<group>";
		};
		7253492D209079CE00F244A3 /* UserProfile */ = {
			isa = PBXGroup;
			children = (
				725349242090763E00F244A3 /* UserProfileController.swift */,
				725349262090763E00F244A3 /* UserProfileHeader.swift */,
				725349232090763E00F244A3 /* UserProfileMenuBar.swift */,
				725349252090763E00F244A3 /* UserProfileMenuCell.swift */,
			);
			path = UserProfile;
			sourceTree = "<group>";
		};
		7253492E209079E100F244A3 /* Utils */ = {
			isa = PBXGroup;
			children = (
				72534913209075F400F244A3 /* UI extensions.swift */,
				725349192090761500F244A3 /* CustomAnimationDismisser.swift */,
				7253491B2090761A00F244A3 /* CustomAnimationPresentor.swift */,
				728FACE52091B61D00FA23A6 /* CustomButtonClasses.swift */,
				728FACE72091C2DF00FA23A6 /* FirebaseExtension.swift */,
				726FF2A020971437006C620A /* Date.swift */,
			);
			path = Utils;
			sourceTree = "<group>";
		};
		7253492F209079EE00F244A3 /* Home */ = {
			isa = PBXGroup;
			children = (
				725349152090760800F244A3 /* HomeController.swift */,
				725349172090760C00F244A3 /* HomePostCell.swift */,
			);
			path = Home;
			sourceTree = "<group>";
		};
		7253493020907ED100F244A3 /* Model */ = {
			isa = PBXGroup;
			children = (
				7253493120907EDE00F244A3 /* User.swift */,
				7253493320907FB400F244A3 /* Post.swift */,
			);
			path = Model;
			sourceTree = "<group>";
		};
		727A97BC2092DFEF00B96483 /* OtherTabBarItems */ = {
			isa = PBXGroup;
			children = (
				727A97C02092E08600B96483 /* NotificationController.swift */,
			);
			path = OtherTabBarItems;
			sourceTree = "<group>";
		};
		727A97C42092F68E00B96483 /* Search */ = {
			isa = PBXGroup;
			children = (
				727A97BD2092E02500B96483 /* SearchController.swift */,
				727A97C52092F6D400B96483 /* SearchCell.swift */,
			);
			path = Search;
			sourceTree = "<group>";
		};
		728FACE92091D46500FA23A6 /* Post */ = {
			isa = PBXGroup;
			children = (
				728FACEC2091D51B00FA23A6 /* PostController.swift */,
				728FACF02091D6FF00FA23A6 /* PostCreationView.swift */,
				728FACEE2091D65E00FA23A6 /* PostTextView.swift */,
			);
			path = Post;
			sourceTree = "<group>";
		};
		72A1C4252099C997005E1B1B /* Message */ = {
			isa = PBXGroup;
			children = (
				727A97C22092E09C00B96483 /* MessageController.swift */,
				72A1C4262099CB2E005E1B1B /* MessageCell.swift */,
				72E9D360209AD1D30068DDC9 /* NewMessageController.swift */,
				72E9D364209ADADD0068DDC9 /* ChatLogController.swift */,
			);
			path = Message;
			sourceTree = "<group>";
		};
		72C50E0820906FE6005B0F19 = {
			isa = PBXGroup;
			children = (
				72C50E1320906FE6005B0F19 /* TwitterFirebase */,
				72C50E1220906FE6005B0F19 /* Products */,
				A8D9725CDC872F65DB18C8E5 /* Pods */,
				2834286EF609210FB842DC10 /* Frameworks */,
			);
			sourceTree = "<group>";
		};
		72C50E1220906FE6005B0F19 /* Products */ = {
			isa = PBXGroup;
			children = (
				72C50E1120906FE6005B0F19 /* TwitterFirebase.app */,
			);
			name = Products;
			sourceTree = "<group>";
		};
		72C50E1320906FE6005B0F19 /* TwitterFirebase */ = {
			isa = PBXGroup;
			children = (
				727A97C42092F68E00B96483 /* Search */,
				72A1C4252099C997005E1B1B /* Message */,
				727A97BC2092DFEF00B96483 /* OtherTabBarItems */,
				728FACE92091D46500FA23A6 /* Post */,
				7253492C209079C600F244A3 /* Login */,
				7253492B209079BB00F244A3 /* Menu */,
				7253492F209079EE00F244A3 /* Home */,
				7253492D209079CE00F244A3 /* UserProfile */,
				7253493020907ED100F244A3 /* Model */,
				7253490C2090745200F244A3 /* MainTabBarController.swift */,
				72C50E1420906FE6005B0F19 /* AppDelegate.swift */,
				726FF2A22098B476006C620A /* LaunchScreenViewController.swift */,
				7253492E209079E100F244A3 /* Utils */,
				72C50E1B20906FE8005B0F19 /* Assets.xcassets */,
				72C50E1D20906FE8005B0F19 /* LaunchScreen.storyboard */,
				72C50E2020906FE8005B0F19 /* Info.plist */,
				72C50E2620907073005B0F19 /* GoogleService-Info.plist */,
				72C50E1820906FE6005B0F19 /* Main.storyboard */,
			);
			path = TwitterFirebase;
			sourceTree = "<group>";
		};
		A8D9725CDC872F65DB18C8E5 /* Pods */ = {
			isa = PBXGroup;
			children = (
				66C1232CB11628FA18B77FA5 /* Pods-TwitterFirebase.debug.xcconfig */,
				78FA690A6C67683797A73099 /* Pods-TwitterFirebase.release.xcconfig */,
			);
			name = Pods;
			sourceTree = "<group>";
		};
/* End PBXGroup section */

/* Begin PBXNativeTarget section */
		72C50E1020906FE6005B0F19 /* TwitterFirebase */ = {
			isa = PBXNativeTarget;
			buildConfigurationList = 72C50E2320906FE8005B0F19 /* Build configuration list for PBXNativeTarget "TwitterFirebase" */;
			buildPhases = (
				80F75DD4720C90FBA7BF6661 /* [CP] Check Pods Manifest.lock */,
				72C50E0D20906FE6005B0F19 /* Sources */,
				72C50E0E20906FE6005B0F19 /* Frameworks */,
				72C50E0F20906FE6005B0F19 /* Resources */,
				0FE152D4C59C24F98BDF797B /* [CP] Embed Pods Frameworks */,
			);
			buildRules = (
			);
			dependencies = (
			);
			name = TwitterFirebase;
			productName = TwitterFirebase;
			productReference = 72C50E1120906FE6005B0F19 /* TwitterFirebase.app */;
			productType = "com.apple.product-type.application";
		};
/* End PBXNativeTarget section */

/* Begin PBXProject section */
		72C50E0920906FE6005B0F19 /* Project object */ = {
			isa = PBXProject;
			attributes = {
				LastSwiftUpdateCheck = 0930;
				LastUpgradeCheck = 0930;
				ORGANIZATIONNAME = "Abhishesh Pradhan";
				TargetAttributes = {
					72C50E1020906FE6005B0F19 = {
						CreatedOnToolsVersion = 9.3;
					};
				};
			};
			buildConfigurationList = 72C50E0C20906FE6005B0F19 /* Build configuration list for PBXProject "TwitterFirebase" */;
			compatibilityVersion = "Xcode 9.3";
			developmentRegion = en;
			hasScannedForEncodings = 0;
			knownRegions = (
				en,
				Base,
			);
			mainGroup = 72C50E0820906FE6005B0F19;
			productRefGroup = 72C50E1220906FE6005B0F19 /* Products */;
			projectDirPath = "";
			projectRoot = "";
			targets = (
				72C50E1020906FE6005B0F19 /* TwitterFirebase */,
			);
		};
/* End PBXProject section */

/* Begin PBXResourcesBuildPhase section */
		72C50E0F20906FE6005B0F19 /* Resources */ = {
			isa = PBXResourcesBuildPhase;
			buildActionMask = 2147483647;
			files = (
				72C50E1F20906FE8005B0F19 /* LaunchScreen.storyboard in Resources */,
				72C50E2720907073005B0F19 /* GoogleService-Info.plist in Resources */,
				72C50E1C20906FE8005B0F19 /* Assets.xcassets in Resources */,
				72C50E1A20906FE6005B0F19 /* Main.storyboard in Resources */,
			);
			runOnlyForDeploymentPostprocessing = 0;
		};
/* End PBXResourcesBuildPhase section */

/* Begin PBXShellScriptBuildPhase section */
		0FE152D4C59C24F98BDF797B /* [CP] Embed Pods Frameworks */ = {
			isa = PBXShellScriptBuildPhase;
			buildActionMask = 2147483647;
			files = (
			);
			inputPaths = (
				"${SRCROOT}/Pods/Target Support Files/Pods-TwitterFirebase/Pods-TwitterFirebase-frameworks.sh",
				"${BUILT_PRODUCTS_DIR}/GTMSessionFetcher/GTMSessionFetcher.framework",
				"${BUILT_PRODUCTS_DIR}/GoogleToolboxForMac/GoogleToolboxForMac.framework",
				"${BUILT_PRODUCTS_DIR}/Hero/Hero.framework",
				"${BUILT_PRODUCTS_DIR}/RevealingSplashView/RevealingSplashView.framework",
				"${BUILT_PRODUCTS_DIR}/leveldb-library/leveldb.framework",
				"${BUILT_PRODUCTS_DIR}/nanopb/nanopb.framework",
			);
			name = "[CP] Embed Pods Frameworks";
			outputPaths = (
				"${TARGET_BUILD_DIR}/${FRAMEWORKS_FOLDER_PATH}/GTMSessionFetcher.framework",
				"${TARGET_BUILD_DIR}/${FRAMEWORKS_FOLDER_PATH}/GoogleToolboxForMac.framework",
				"${TARGET_BUILD_DIR}/${FRAMEWORKS_FOLDER_PATH}/Hero.framework",
				"${TARGET_BUILD_DIR}/${FRAMEWORKS_FOLDER_PATH}/RevealingSplashView.framework",
				"${TARGET_BUILD_DIR}/${FRAMEWORKS_FOLDER_PATH}/leveldb.framework",
				"${TARGET_BUILD_DIR}/${FRAMEWORKS_FOLDER_PATH}/nanopb.framework",
			);
			runOnlyForDeploymentPostprocessing = 0;
			shellPath = /bin/sh;
			shellScript = "\"${SRCROOT}/Pods/Target Support Files/Pods-TwitterFirebase/Pods-TwitterFirebase-frameworks.sh\"\n";
			showEnvVarsInLog = 0;
		};
		80F75DD4720C90FBA7BF6661 /* [CP] Check Pods Manifest.lock */ = {
			isa = PBXShellScriptBuildPhase;
			buildActionMask = 2147483647;
			files = (
			);
			inputPaths = (
				"${PODS_PODFILE_DIR_PATH}/Podfile.lock",
				"${PODS_ROOT}/Manifest.lock",
			);
			name = "[CP] Check Pods Manifest.lock";
			outputPaths = (
				"$(DERIVED_FILE_DIR)/Pods-TwitterFirebase-checkManifestLockResult.txt",
			);
			runOnlyForDeploymentPostprocessing = 0;
			shellPath = /bin/sh;
			shellScript = "diff \"${PODS_PODFILE_DIR_PATH}/Podfile.lock\" \"${PODS_ROOT}/Manifest.lock\" > /dev/null\nif [ $? != 0 ] ; then\n    # print error to STDERR\n    echo \"error: The sandbox is not in sync with the Podfile.lock. Run 'pod install' or update your CocoaPods installation.\" >&2\n    exit 1\nfi\n# This output is used by Xcode 'outputs' to avoid re-running this script phase.\necho \"SUCCESS\" > \"${SCRIPT_OUTPUT_FILE_0}\"\n";
			showEnvVarsInLog = 0;
		};
/* End PBXShellScriptBuildPhase section */

/* Begin PBXSourcesBuildPhase section */
		72C50E0D20906FE6005B0F19 /* Sources */ = {
			isa = PBXSourcesBuildPhase;
			buildActionMask = 2147483647;
			files = (
				725349272090763E00F244A3 /* UserProfileMenuBar.swift in Sources */,
				727A97BE2092E02500B96483 /* SearchController.swift in Sources */,
				725349292090763E00F244A3 /* UserProfileMenuCell.swift in Sources */,
				72C50E1520906FE6005B0F19 /* AppDelegate.swift in Sources */,
				7253491C2090761A00F244A3 /* CustomAnimationPresentor.swift in Sources */,
				726FF2A120971437006C620A /* Date.swift in Sources */,
				725349222090763500F244A3 /* MenuCell.swift in Sources */,
				72A1C4272099CB2E005E1B1B /* MessageCell.swift in Sources */,
				72E9D361209AD1D30068DDC9 /* NewMessageController.swift in Sources */,
				728FACEF2091D65E00FA23A6 /* PostTextView.swift in Sources */,
				725349282090763E00F244A3 /* UserProfileController.swift in Sources */,
				72534910209075DC00F244A3 /* LoginController.swift in Sources */,
				728FACE82091C2DF00FA23A6 /* FirebaseExtension.swift in Sources */,
				72534936209080D500F244A3 /* SetupProfileController.swift in Sources */,
				7253493220907EDE00F244A3 /* User.swift in Sources */,
				728FACE62091B61D00FA23A6 /* CustomButtonClasses.swift in Sources */,
				725349202090763500F244A3 /* MenuHeader.swift in Sources */,
				725349162090760800F244A3 /* HomeController.swift in Sources */,
				725349182090760C00F244A3 /* HomePostCell.swift in Sources */,
				728FACF12091D6FF00FA23A6 /* PostCreationView.swift in Sources */,
				727A97C62092F6D400B96483 /* SearchCell.swift in Sources */,
				7253490D2090745200F244A3 /* MainTabBarController.swift in Sources */,
				728FACED2091D51B00FA23A6 /* PostController.swift in Sources */,
				727A97C32092E09C00B96483 /* MessageController.swift in Sources */,
				7253492A2090763E00F244A3 /* UserProfileHeader.swift in Sources */,
				725349212090763500F244A3 /* MenuLauncher.swift in Sources */,
				72534912209075EC00F244A3 /* SignUpController.swift in Sources */,
				72E9D365209ADADD0068DDC9 /* ChatLogController.swift in Sources */,
				727A97C12092E08600B96483 /* NotificationController.swift in Sources */,
				7253493420907FB400F244A3 /* Post.swift in Sources */,
				72534914209075F400F244A3 /* UI extensions.swift in Sources */,
				726FF2A32098B476006C620A /* LaunchScreenViewController.swift in Sources */,
				7253491A2090761600F244A3 /* CustomAnimationDismisser.swift in Sources */,
			);
			runOnlyForDeploymentPostprocessing = 0;
		};
/* End PBXSourcesBuildPhase section */

/* Begin PBXVariantGroup section */
		72C50E1820906FE6005B0F19 /* Main.storyboard */ = {
			isa = PBXVariantGroup;
			children = (
				72C50E1920906FE6005B0F19 /* Base */,
			);
			name = Main.storyboard;
			sourceTree = "<group>";
		};
		72C50E1D20906FE8005B0F19 /* LaunchScreen.storyboard */ = {
			isa = PBXVariantGroup;
			children = (
				72C50E1E20906FE8005B0F19 /* Base */,
			);
			name = LaunchScreen.storyboard;
			sourceTree = "<group>";
		};
/* End PBXVariantGroup section */

/* Begin XCBuildConfiguration section */
		72C50E2120906FE8005B0F19 /* Debug */ = {
			isa = XCBuildConfiguration;
			buildSettings = {
				ALWAYS_SEARCH_USER_PATHS = NO;
				CLANG_ANALYZER_NONNULL = YES;
				CLANG_ANALYZER_NUMBER_OBJECT_CONVERSION = YES_AGGRESSIVE;
				CLANG_CXX_LANGUAGE_STANDARD = "gnu++14";
				CLANG_CXX_LIBRARY = "libc++";
				CLANG_ENABLE_MODULES = YES;
				CLANG_ENABLE_OBJC_ARC = YES;
				CLANG_ENABLE_OBJC_WEAK = YES;
				CLANG_WARN_BLOCK_CAPTURE_AUTORELEASING = YES;
				CLANG_WARN_BOOL_CONVERSION = YES;
				CLANG_WARN_COMMA = YES;
				CLANG_WARN_CONSTANT_CONVERSION = YES;
				CLANG_WARN_DEPRECATED_OBJC_IMPLEMENTATIONS = YES;
				CLANG_WARN_DIRECT_OBJC_ISA_USAGE = YES_ERROR;
				CLANG_WARN_DOCUMENTATION_COMMENTS = YES;
				CLANG_WARN_EMPTY_BODY = YES;
				CLANG_WARN_ENUM_CONVERSION = YES;
				CLANG_WARN_INFINITE_RECURSION = YES;
				CLANG_WARN_INT_CONVERSION = YES;
				CLANG_WARN_NON_LITERAL_NULL_CONVERSION = YES;
				CLANG_WARN_OBJC_IMPLICIT_RETAIN_SELF = YES;
				CLANG_WARN_OBJC_LITERAL_CONVERSION = YES;
				CLANG_WARN_OBJC_ROOT_CLASS = YES_ERROR;
				CLANG_WARN_RANGE_LOOP_ANALYSIS = YES;
				CLANG_WARN_STRICT_PROTOTYPES = YES;
				CLANG_WARN_SUSPICIOUS_MOVE = YES;
				CLANG_WARN_UNGUARDED_AVAILABILITY = YES_AGGRESSIVE;
				CLANG_WARN_UNREACHABLE_CODE = YES;
				CLANG_WARN__DUPLICATE_METHOD_MATCH = YES;
				CODE_SIGN_IDENTITY = "iPhone Developer";
				COPY_PHASE_STRIP = NO;
				DEBUG_INFORMATION_FORMAT = dwarf;
				ENABLE_STRICT_OBJC_MSGSEND = YES;
				ENABLE_TESTABILITY = YES;
				GCC_C_LANGUAGE_STANDARD = gnu11;
				GCC_DYNAMIC_NO_PIC = NO;
				GCC_NO_COMMON_BLOCKS = YES;
				GCC_OPTIMIZATION_LEVEL = 0;
				GCC_PREPROCESSOR_DEFINITIONS = (
					"DEBUG=1",
					"$(inherited)",
				);
				GCC_WARN_64_TO_32_BIT_CONVERSION = YES;
				GCC_WARN_ABOUT_RETURN_TYPE = YES_ERROR;
				GCC_WARN_UNDECLARED_SELECTOR = YES;
				GCC_WARN_UNINITIALIZED_AUTOS = YES_AGGRESSIVE;
				GCC_WARN_UNUSED_FUNCTION = YES;
				GCC_WARN_UNUSED_VARIABLE = YES;
				IPHONEOS_DEPLOYMENT_TARGET = 11.3;
				MTL_ENABLE_DEBUG_INFO = YES;
				ONLY_ACTIVE_ARCH = YES;
				SDKROOT = iphoneos;
				SWIFT_ACTIVE_COMPILATION_CONDITIONS = DEBUG;
				SWIFT_OPTIMIZATION_LEVEL = "-Onone";
			};
			name = Debug;
		};
		72C50E2220906FE8005B0F19 /* Release */ = {
			isa = XCBuildConfiguration;
			buildSettings = {
				ALWAYS_SEARCH_USER_PATHS = NO;
				CLANG_ANALYZER_NONNULL = YES;
				CLANG_ANALYZER_NUMBER_OBJECT_CONVERSION = YES_AGGRESSIVE;
				CLANG_CXX_LANGUAGE_STANDARD = "gnu++14";
				CLANG_CXX_LIBRARY = "libc++";
				CLANG_ENABLE_MODULES = YES;
				CLANG_ENABLE_OBJC_ARC = YES;
				CLANG_ENABLE_OBJC_WEAK = YES;
				CLANG_WARN_BLOCK_CAPTURE_AUTORELEASING = YES;
				CLANG_WARN_BOOL_CONVERSION = YES;
				CLANG_WARN_COMMA = YES;
				CLANG_WARN_CONSTANT_CONVERSION = YES;
				CLANG_WARN_DEPRECATED_OBJC_IMPLEMENTATIONS = YES;
				CLANG_WARN_DIRECT_OBJC_ISA_USAGE = YES_ERROR;
				CLANG_WARN_DOCUMENTATION_COMMENTS = YES;
				CLANG_WARN_EMPTY_BODY = YES;
				CLANG_WARN_ENUM_CONVERSION = YES;
				CLANG_WARN_INFINITE_RECURSION = YES;
				CLANG_WARN_INT_CONVERSION = YES;
				CLANG_WARN_NON_LITERAL_NULL_CONVERSION = YES;
				CLANG_WARN_OBJC_IMPLICIT_RETAIN_SELF = YES;
				CLANG_WARN_OBJC_LITERAL_CONVERSION = YES;
				CLANG_WARN_OBJC_ROOT_CLASS = YES_ERROR;
				CLANG_WARN_RANGE_LOOP_ANALYSIS = YES;
				CLANG_WARN_STRICT_PROTOTYPES = YES;
				CLANG_WARN_SUSPICIOUS_MOVE = YES;
				CLANG_WARN_UNGUARDED_AVAILABILITY = YES_AGGRESSIVE;
				CLANG_WARN_UNREACHABLE_CODE = YES;
				CLANG_WARN__DUPLICATE_METHOD_MATCH = YES;
				CODE_SIGN_IDENTITY = "iPhone Developer";
				COPY_PHASE_STRIP = NO;
				DEBUG_INFORMATION_FORMAT = "dwarf-with-dsym";
				ENABLE_NS_ASSERTIONS = NO;
				ENABLE_STRICT_OBJC_MSGSEND = YES;
				GCC_C_LANGUAGE_STANDARD = gnu11;
				GCC_NO_COMMON_BLOCKS = YES;
				GCC_WARN_64_TO_32_BIT_CONVERSION = YES;
				GCC_WARN_ABOUT_RETURN_TYPE = YES_ERROR;
				GCC_WARN_UNDECLARED_SELECTOR = YES;
				GCC_WARN_UNINITIALIZED_AUTOS = YES_AGGRESSIVE;
				GCC_WARN_UNUSED_FUNCTION = YES;
				GCC_WARN_UNUSED_VARIABLE = YES;
				IPHONEOS_DEPLOYMENT_TARGET = 11.3;
				MTL_ENABLE_DEBUG_INFO = NO;
				SDKROOT = iphoneos;
				SWIFT_COMPILATION_MODE = wholemodule;
				SWIFT_OPTIMIZATION_LEVEL = "-O";
				VALIDATE_PRODUCT = YES;
			};
			name = Release;
		};
		72C50E2420906FE8005B0F19 /* Debug */ = {
			isa = XCBuildConfiguration;
			baseConfigurationReference = 66C1232CB11628FA18B77FA5 /* Pods-TwitterFirebase.debug.xcconfig */;
			buildSettings = {
				ASSETCATALOG_COMPILER_APPICON_NAME = AppIcon;
				CODE_SIGN_STYLE = Automatic;
				DEVELOPMENT_TEAM = 6KFH9FAAHT;
				INFOPLIST_FILE = TwitterFirebase/Info.plist;
				LD_RUNPATH_SEARCH_PATHS = "$(inherited) @executable_path/Frameworks";
				PRODUCT_BUNDLE_IDENTIFIER = com.example.TwitterFirebase;
				PRODUCT_NAME = "$(TARGET_NAME)";
				SWIFT_VERSION = 4.0;
				TARGETED_DEVICE_FAMILY = "1,2";
			};
			name = Debug;
		};
		72C50E2520906FE8005B0F19 /* Release */ = {
			isa = XCBuildConfiguration;
			baseConfigurationReference = 78FA690A6C67683797A73099 /* Pods-TwitterFirebase.release.xcconfig */;
			buildSettings = {
				ASSETCATALOG_COMPILER_APPICON_NAME = AppIcon;
				CODE_SIGN_STYLE = Automatic;
				DEVELOPMENT_TEAM = 6KFH9FAAHT;
				INFOPLIST_FILE = TwitterFirebase/Info.plist;
				LD_RUNPATH_SEARCH_PATHS = "$(inherited) @executable_path/Frameworks";
				PRODUCT_BUNDLE_IDENTIFIER = com.example.TwitterFirebase;
				PRODUCT_NAME = "$(TARGET_NAME)";
				SWIFT_VERSION = 4.0;
				TARGETED_DEVICE_FAMILY = "1,2";
			};
			name = Release;
		};
/* End XCBuildConfiguration section */

/* Begin XCConfigurationList section */
		72C50E0C20906FE6005B0F19 /* Build configuration list for PBXProject "TwitterFirebase" */ = {
			isa = XCConfigurationList;
			buildConfigurations = (
				72C50E2120906FE8005B0F19 /* Debug */,
				72C50E2220906FE8005B0F19 /* Release */,
			);
			defaultConfigurationIsVisible = 0;
			defaultConfigurationName = Release;
		};
		72C50E2320906FE8005B0F19 /* Build configuration list for PBXNativeTarget "TwitterFirebase" */ = {
			isa = XCConfigurationList;
			buildConfigurations = (
				72C50E2420906FE8005B0F19 /* Debug */,
				72C50E2520906FE8005B0F19 /* Release */,
			);
			defaultConfigurationIsVisible = 0;
			defaultConfigurationName = Release;
		};
/* End XCConfigurationList section */
	};
	rootObject = 72C50E0920906FE6005B0F19 /* Project object */;
}
